<?xml version="1.0" encoding="utf-8"?>
<Project ToolsVersion="4.0" xmlns="http://schemas.microsoft.com/developer/msbuild/2003">
  <ItemGroup>
    <Filter Include="Source Files">
      <UniqueIdentifier>{4FC737F1-C7A5-4376-A066-2A32D752A2FF}</UniqueIdentifier>
      <Extensions>cpp;c;cc;cxx;c++;cppm;ixx;def;odl;idl;hpj;bat;asm;asmx</Extensions>
    </Filter>
    <Filter Include="Header Files">
      <UniqueIdentifier>{93995380-89BD-4b04-88EB-625FBE52EBFB}</UniqueIdentifier>
      <Extensions>h;hh;hpp;hxx;h++;hm;inl;inc;ipp;xsd</Extensions>
    </Filter>
    <Filter Include="Resource Files">
      <UniqueIdentifier>{67DA6AB6-F800-4c08-8B7A-83BB121AAD01}</UniqueIdentifier>
      <Extensions>rc;ico;cur;bmp;dlg;rc2;rct;bin;rgs;gif;jpg;jpeg;jpe;resx;tiff;tif;png;wav;mfcribbon-ms</Extensions>
    </Filter>
  </ItemGroup>
  <ItemGroup>
    <ClCompile Include="MainUI.c">
      <Filter>Source Files</Filter>
    </ClCompile>
    <ClCompile Include="Weekly_Quiz.c">
      <Filter>Source Files</Filter>
    </ClCompile>
    <ClCompile Include="Complaints.c">
      <Filter>Source Files</Filter>
    </ClCompile>
    <ClCompile Include="Contacts.c">
      <Filter>Source Files</Filter>
    </ClCompile>
    <ClCompile Include="Clubs.c">
      <Filter>Source Files</Filter>
    </ClCompile>
    <ClCompile Include="Time_Table.c">
      <Filter>Source Files</Filter>
    </ClCompile>
    <ClCompile Include="SWB.c">
      <Filter>Source Files</Filter>
    </ClCompile>
    <ClCompile Include="Timings.c">
      <Filter>Source Files</Filter>
    </ClCompile>
    <ClCompile Include="Tic_Tac_Toe.c">
      <Filter>Source Files</Filter>
    </ClCompile>
    <ClCompile Include="Hospital.c">
      <Filter>Source Files</Filter>
    </ClCompile>
    <ClCompile Include="Cursorposition.h">
      <Filter>Header Files</Filter>
    </ClCompile>
    <ClCompile Include="includeheaders.h">
      <Filter>Header Files</Filter>
    </ClCompile>
    <ClCompile Include="Loadingscreen.c">
      <Filter>Source Files</Filter>
    </ClCompile>
    <ClCompile Include="User.c">
      <Filter>Source Files</Filter>
    </ClCompile>
    <ClCompile Include="NewUserData.h">
      <Filter>Header Files</Filter>
    </ClCompile>
  </ItemGroup>
  <ItemGroup>
    <ClInclude Include="colors.h">
      <Filter>Header Files</Filter>
    </ClInclude>
    <ClInclude Include="altscreen.h">
      <Filter>Header Files</Filter>
    </ClInclude>
  </ItemGroup>
</Project>